
Microsoft Visual Studio Solution File, Format Version 12.00
# Visual Studio Version 17
VisualStudioVersion = 17.12.35506.116
MinimumVisualStudioVersion = 10.0.40219.1
Project("{FAE04EC0-301F-11D3-BF4B-00C04F79EFBC}") = "TypePlayground", "TypePlayground\TypePlayground.csproj", "{0BEF118A-D643-497A-AA41-808688E33134}"
EndProject
Project("{2150E333-8FDC-42A3-9474-1A3956D46DE8}") = "Solution Items", "Solution Items", "{3BE34FEE-15B6-406C-97F1-A7EB72B755F2}"
	ProjectSection(SolutionItems) = preProject
		Definitions.md = Definitions.md
		..\README.md = ..\README.md
		Samples.md = Samples.md
	EndProjectSection
EndProject
Project("{FAE04EC0-301F-11D3-BF4B-00C04F79EFBC}") = "TypePlayground.UnitTests", "TypePlayground.UnitTests\TypePlayground.UnitTests.csproj", "{BEC09A38-6543-4E5F-94B9-0FC41E162892}"
EndProject
Project("{2150E333-8FDC-42A3-9474-1A3956D46DE8}") = "Sample1", "Sample1", "{56C8D43D-1EB4-4DC5-9473-9914FC6A39A7}"
EndProject
Project("{2150E333-8FDC-42A3-9474-1A3956D46DE8}") = "src", "src", "{780801D9-DEE3-47A1-A3BB-D374364A5CC0}"
EndProject
Project("{2150E333-8FDC-42A3-9474-1A3956D46DE8}") = "API", "API", "{86B9F8F8-23F6-4F73-80CB-69A24DAB22CE}"
EndProject
Project("{FAE04EC0-301F-11D3-BF4B-00C04F79EFBC}") = "meShop.API", "Sample1\src\API\meShop.API\meShop.API.csproj", "{44EC0E51-0F65-4FC1-B037-2B493069D996}"
EndProject
Project("{2150E333-8FDC-42A3-9474-1A3956D46DE8}") = "Modules", "Modules", "{1402D7F8-FA1C-4099-90EE-940EA719C329}"
EndProject
Project("{2150E333-8FDC-42A3-9474-1A3956D46DE8}") = "Shared Kernel", "Shared Kernel", "{F9B5B2E3-1732-4C17-A817-011DC0E52714}"
EndProject
Project("{2150E333-8FDC-42A3-9474-1A3956D46DE8}") = "Product", "Product", "{749A4C15-B83C-429D-A86B-A7AC576F301D}"
EndProject
Project("{2150E333-8FDC-42A3-9474-1A3956D46DE8}") = "Pricing", "Pricing", "{25F45A02-6DD1-4011-B0CB-2DAD4DD4FB0A}"
EndProject
Project("{FAE04EC0-301F-11D3-BF4B-00C04F79EFBC}") = "meShop.SharedKernel.Core", "meShop.SharedKernel.Core\meShop.SharedKernel.Core.csproj", "{B65C6C22-92BE-48E9-800C-9699DAE463C6}"
EndProject
Project("{FAE04EC0-301F-11D3-BF4B-00C04F79EFBC}") = "meShop.Modules.Product.Core", "meShop.Modules.Product.Core\meShop.Modules.Product.Core.csproj", "{487417D0-80E3-4A57-8479-049FF329A535}"
EndProject
Project("{FAE04EC0-301F-11D3-BF4B-00C04F79EFBC}") = "meShop.Modules.Pricing.Core", "meShop.Modules.Pricing.Core\meShop.Modules.Pricing.Core.csproj", "{37485739-2CBD-4C94-9C1B-42244408FF5F}"
EndProject
Global
	GlobalSection(SolutionConfigurationPlatforms) = preSolution
		Debug|Any CPU = Debug|Any CPU
		Release|Any CPU = Release|Any CPU
	EndGlobalSection
	GlobalSection(ProjectConfigurationPlatforms) = postSolution
		{0BEF118A-D643-497A-AA41-808688E33134}.Debug|Any CPU.ActiveCfg = Debug|Any CPU
		{0BEF118A-D643-497A-AA41-808688E33134}.Debug|Any CPU.Build.0 = Debug|Any CPU
		{0BEF118A-D643-497A-AA41-808688E33134}.Release|Any CPU.ActiveCfg = Release|Any CPU
		{0BEF118A-D643-497A-AA41-808688E33134}.Release|Any CPU.Build.0 = Release|Any CPU
		{BEC09A38-6543-4E5F-94B9-0FC41E162892}.Debug|Any CPU.ActiveCfg = Debug|Any CPU
		{BEC09A38-6543-4E5F-94B9-0FC41E162892}.Debug|Any CPU.Build.0 = Debug|Any CPU
		{BEC09A38-6543-4E5F-94B9-0FC41E162892}.Release|Any CPU.ActiveCfg = Release|Any CPU
		{BEC09A38-6543-4E5F-94B9-0FC41E162892}.Release|Any CPU.Build.0 = Release|Any CPU
		{44EC0E51-0F65-4FC1-B037-2B493069D996}.Debug|Any CPU.ActiveCfg = Debug|Any CPU
		{44EC0E51-0F65-4FC1-B037-2B493069D996}.Debug|Any CPU.Build.0 = Debug|Any CPU
		{44EC0E51-0F65-4FC1-B037-2B493069D996}.Release|Any CPU.ActiveCfg = Release|Any CPU
		{44EC0E51-0F65-4FC1-B037-2B493069D996}.Release|Any CPU.Build.0 = Release|Any CPU
		{B65C6C22-92BE-48E9-800C-9699DAE463C6}.Debug|Any CPU.ActiveCfg = Debug|Any CPU
		{B65C6C22-92BE-48E9-800C-9699DAE463C6}.Debug|Any CPU.Build.0 = Debug|Any CPU
		{B65C6C22-92BE-48E9-800C-9699DAE463C6}.Release|Any CPU.ActiveCfg = Release|Any CPU
		{B65C6C22-92BE-48E9-800C-9699DAE463C6}.Release|Any CPU.Build.0 = Release|Any CPU
		{487417D0-80E3-4A57-8479-049FF329A535}.Debug|Any CPU.ActiveCfg = Debug|Any CPU
		{487417D0-80E3-4A57-8479-049FF329A535}.Debug|Any CPU.Build.0 = Debug|Any CPU
		{487417D0-80E3-4A57-8479-049FF329A535}.Release|Any CPU.ActiveCfg = Release|Any CPU
		{487417D0-80E3-4A57-8479-049FF329A535}.Release|Any CPU.Build.0 = Release|Any CPU
		{37485739-2CBD-4C94-9C1B-42244408FF5F}.Debug|Any CPU.ActiveCfg = Debug|Any CPU
		{37485739-2CBD-4C94-9C1B-42244408FF5F}.Debug|Any CPU.Build.0 = Debug|Any CPU
		{37485739-2CBD-4C94-9C1B-42244408FF5F}.Release|Any CPU.ActiveCfg = Release|Any CPU
		{37485739-2CBD-4C94-9C1B-42244408FF5F}.Release|Any CPU.Build.0 = Release|Any CPU
	EndGlobalSection
	GlobalSection(SolutionProperties) = preSolution
		HideSolutionNode = FALSE
	EndGlobalSection
	GlobalSection(NestedProjects) = preSolution
		{780801D9-DEE3-47A1-A3BB-D374364A5CC0} = {56C8D43D-1EB4-4DC5-9473-9914FC6A39A7}
		{86B9F8F8-23F6-4F73-80CB-69A24DAB22CE} = {780801D9-DEE3-47A1-A3BB-D374364A5CC0}
		{44EC0E51-0F65-4FC1-B037-2B493069D996} = {86B9F8F8-23F6-4F73-80CB-69A24DAB22CE}
		{1402D7F8-FA1C-4099-90EE-940EA719C329} = {780801D9-DEE3-47A1-A3BB-D374364A5CC0}
		{F9B5B2E3-1732-4C17-A817-011DC0E52714} = {780801D9-DEE3-47A1-A3BB-D374364A5CC0}
		{749A4C15-B83C-429D-A86B-A7AC576F301D} = {1402D7F8-FA1C-4099-90EE-940EA719C329}
		{25F45A02-6DD1-4011-B0CB-2DAD4DD4FB0A} = {1402D7F8-FA1C-4099-90EE-940EA719C329}
		{B65C6C22-92BE-48E9-800C-9699DAE463C6} = {F9B5B2E3-1732-4C17-A817-011DC0E52714}
		{487417D0-80E3-4A57-8479-049FF329A535} = {749A4C15-B83C-429D-A86B-A7AC576F301D}
		{37485739-2CBD-4C94-9C1B-42244408FF5F} = {25F45A02-6DD1-4011-B0CB-2DAD4DD4FB0A}
	EndGlobalSection
EndGlobal
